{
  "name": "glyphrogue",
  "version": "0.0.0",
  "lockfileVersion": 3,
  "requires": true,
  "packages": {
    "": {
      "name": "glyphrogue",
      "version": "0.0.0",
      "workspaces": [
        "packages/*"
      ],
      "engines": {
        "node": ">=18"
      }
    },
    "node_modules/@glyphrogue/core": {
      "resolved": "packages/core",
      "link": true
    },
    "packages/core": {
      "name": "@glyphrogue/core",
      "version": "0.0.0"
    }
  }
}
